
Microsoft Visual Studio Solution File, Format Version 12.00
# Visual Studio Version 17
VisualStudioVersion = 17.0.32112.339
MinimumVisualStudioVersion = 10.0.40219.1
Project("{FAE04EC0-301F-11D3-BF4B-00C04F79EFBC}") = "Frogsssss", "Frogsssss.csproj", "{7CE423CC-06FF-44D2-870B-F69111BEC591}"
EndProject
Global
	GlobalSection(SolutionConfigurationPlatforms) = preSolution
		Debug|Any CPU = Debug|Any CPU
		Release|Any CPU = Release|Any CPU
	EndGlobalSection
	GlobalSection(ProjectConfigurationPlatforms) = postSolution
		{7CE423CC-06FF-44D2-870B-F69111BEC591}.Debug|Any CPU.ActiveCfg = Debug|Any CPU
		{7CE423CC-06FF-44D2-870B-F69111BEC591}.Debug|Any CPU.Build.0 = Debug|Any CPU
		{7CE423CC-06FF-44D2-870B-F69111BEC591}.Release|Any CPU.ActiveCfg = Release|Any CPU
		{7CE423CC-06FF-44D2-870B-F69111BEC591}.Release|Any CPU.Build.0 = Release|Any CPU
	EndGlobalSection
	GlobalSection(SolutionProperties) = preSolution
		HideSolutionNode = FALSE
	EndGlobalSection
	GlobalSection(ExtensibilityGlobals) = postSolution
		SolutionGuid = {2B010626-D0E0-449C-89A3-F50075007CDB}
	EndGlobalSection
EndGlobal
